<?xml version="1.0" encoding="utf-8"?>
<Project ToolsVersion="4.0" xmlns="http://schemas.microsoft.com/developer/msbuild/2003">
  <ItemGroup>
    <Filter Include="Source Files">
      <UniqueIdentifier>{4FC737F1-C7A5-4376-A066-2A32D752A2FF}</UniqueIdentifier>
      <Extensions>cpp;c;cc;cxx;c++;cppm;ixx;def;odl;idl;hpj;bat;asm;asmx</Extensions>
    </Filter>
    <Filter Include="Header Files">
      <UniqueIdentifier>{93995380-89BD-4b04-88EB-625FBE52EBFB}</UniqueIdentifier>
      <Extensions>h;hh;hpp;hxx;h++;hm;inl;inc;ipp;xsd</Extensions>
    </Filter>
    <Filter Include="Resource Files">
      <UniqueIdentifier>{67DA6AB6-F800-4c08-8B7A-83BB121AAD01}</UniqueIdentifier>
      <Extensions>rc;ico;cur;bmp;dlg;rc2;rct;bin;rgs;gif;jpg;jpeg;jpe;resx;tiff;tif;png;wav;mfcribbon-ms</Extensions>
    </Filter>
  </ItemGroup>
  <ItemGroup>
    <ClCompile Include="OthelloRingMasterCalculator.cpp">
      <Filter>Source Files</Filter>
    </ClCompile>
    <ClCompile Include="OutcomeTriple.cpp">
      <Filter>Source Files</Filter>
    </ClCompile>
    <ClCompile Include="CalculatorCountsFile.cpp">
      <Filter>Source Files</Filter>
    </ClCompile>
    <ClCompile Include="CounterWidthConfig.cpp">
      <Filter>Source Files</Filter>
    </ClCompile>
    <ClCompile Include="CalculatorInitLogger.cpp">
      <Filter>Source Files</Filter>
    </ClCompile>
    <ClCompile Include="StoreLevelScan.cpp">
      <Filter>Source Files</Filter>
    </ClCompile>
    <ClCompile Include="TerminalLevelBootstrap.cpp">
      <Filter>Source Files</Filter>
    </ClCompile>
    <ClCompile Include="NonTerminalLevelStep.cpp">
      <Filter>Source Files</Filter>
    </ClCompile>
    <ClCompile Include="BackwardWalkDriver.cpp">
      <Filter>Source Files</Filter>
    </ClCompile>
  </ItemGroup>
  <ItemGroup>
    <CudaCompile Include="RetrogradeKernels.cu">
      <Filter>Source Files</Filter>
    </CudaCompile>
  </ItemGroup>
  <ItemGroup>
    <ClInclude Include="CalculatorTypes.h">
      <Filter>Header Files</Filter>
    </ClInclude>
    <ClInclude Include="OutcomeTriple.h">
      <Filter>Header Files</Filter>
    </ClInclude>
    <ClInclude Include="CalculatorCountsFile.h">
      <Filter>Header Files</Filter>
    </ClInclude>
    <ClInclude Include="CounterWidthConfig.h">
      <Filter>Header Files</Filter>
    </ClInclude>
    <ClInclude Include="CalculatorFileName.h">
      <Filter>Header Files</Filter>
    </ClInclude>
    <ClInclude Include="CalculatorInitLogger.h">
      <Filter>Header Files</Filter>
    </ClInclude>
    <ClInclude Include="StoreLevelScan.h">
      <Filter>Header Files</Filter>
    </ClInclude>
    <ClInclude Include="TerminalLevelBootstrap.h">
      <Filter>Header Files</Filter>
    </ClInclude>
    <ClInclude Include="TerminalClassify.h">
      <Filter>Header Files</Filter>
    </ClInclude>
    <ClInclude Include="NonTerminalLevelStep.h">
      <Filter>Header Files</Filter>
    </ClInclude>
    <ClInclude Include="RetrogradeKernels.h">
      <Filter>Header Files</Filter>
    </ClInclude>
    <ClInclude Include="BackwardWalkDriver.h">
      <Filter>Header Files</Filter>
    </ClInclude>
  </ItemGroup>
</Project>
